
Microsoft Visual Studio Solution File, Format Version 12.00
# Visual Studio Version 17
VisualStudioVersion = 17.7.34221.43
MinimumVisualStudioVersion = 10.0.40219.1
Project("{FAE04EC0-301F-11D3-BF4B-00C04F79EFBC}") = "MeakKitProject", "MeakKitProject\MeakKitProject.csproj", "{159F0277-BF79-4C3E-9210-1A7DAB7AD441}"
EndProject
Global
	GlobalSection(SolutionConfigurationPlatforms) = preSolution
		Debug|Any CPU = Debug|Any CPU
		Release|Any CPU = Release|Any CPU
	EndGlobalSection
	GlobalSection(ProjectConfigurationPlatforms) = postSolution
		{159F0277-BF79-4C3E-9210-1A7DAB7AD441}.Debug|Any CPU.ActiveCfg = Debug|Any CPU
		{159F0277-BF79-4C3E-9210-1A7DAB7AD441}.Debug|Any CPU.Build.0 = Debug|Any CPU
		{159F0277-BF79-4C3E-9210-1A7DAB7AD441}.Release|Any CPU.ActiveCfg = Release|Any CPU
		{159F0277-BF79-4C3E-9210-1A7DAB7AD441}.Release|Any CPU.Build.0 = Release|Any CPU
	EndGlobalSection
	GlobalSection(SolutionProperties) = preSolution
		HideSolutionNode = FALSE
	EndGlobalSection
	GlobalSection(ExtensibilityGlobals) = postSolution
		SolutionGuid = {C2EA7EAA-B8B6-4CA1-9753-63B5EB484CF1}
	EndGlobalSection
EndGlobal
